{
  "name": "2000s site",
  "lockfileVersion": 3,
  "requires": true,
  "packages": {
    "": {
      "dependencies": {
        "cursor-effects": "^1.0.16"
      }
    },
    "node_modules/cursor-effects": {
      "version": "1.0.16",
      "resolved": "https://registry.npmjs.org/cursor-effects/-/cursor-effects-1.0.16.tgz",
      "integrity": "sha512-Z6ROZASdskDoDwLQTNdwioW6sT8an3Sevw2Z/gMadV+irUMr2L4mrEOBVkSRjzLC+VOnvkplyNDqb9tiHLBtaw==",
      "license": "MIT"
    }
  }
}
